
Microsoft Visual Studio Solution File, Format Version 12.00
# Visual Studio Version 17
VisualStudioVersion = 17.4.33205.214
MinimumVisualStudioVersion = 10.0.40219.1
Project("{FAE04EC0-301F-11D3-BF4B-00C04F79EFBC}") = "PL", "PL\PL.csproj", "{B924E287-3C23-4734-87F1-1BF74AF72A88}"
EndProject
Project("{FAE04EC0-301F-11D3-BF4B-00C04F79EFBC}") = "DL", "DL\DL.csproj", "{A4340BCC-8077-418B-A355-6E3671F9B113}"
EndProject
Project("{FAE04EC0-301F-11D3-BF4B-00C04F79EFBC}") = "BL", "BL\BL.csproj", "{895956E4-C452-4DBA-9C4D-9731BC5193AE}"
EndProject
Project("{FAE04EC0-301F-11D3-BF4B-00C04F79EFBC}") = "ML", "ML\ML.csproj", "{C7E8EA02-37EC-4E83-85EC-1476127F2735}"
EndProject
Global
	GlobalSection(SolutionConfigurationPlatforms) = preSolution
		Debug|Any CPU = Debug|Any CPU
		Release|Any CPU = Release|Any CPU
	EndGlobalSection
	GlobalSection(ProjectConfigurationPlatforms) = postSolution
		{B924E287-3C23-4734-87F1-1BF74AF72A88}.Debug|Any CPU.ActiveCfg = Debug|Any CPU
		{B924E287-3C23-4734-87F1-1BF74AF72A88}.Debug|Any CPU.Build.0 = Debug|Any CPU
		{B924E287-3C23-4734-87F1-1BF74AF72A88}.Release|Any CPU.ActiveCfg = Release|Any CPU
		{B924E287-3C23-4734-87F1-1BF74AF72A88}.Release|Any CPU.Build.0 = Release|Any CPU
		{A4340BCC-8077-418B-A355-6E3671F9B113}.Debug|Any CPU.ActiveCfg = Debug|Any CPU
		{A4340BCC-8077-418B-A355-6E3671F9B113}.Debug|Any CPU.Build.0 = Debug|Any CPU
		{A4340BCC-8077-418B-A355-6E3671F9B113}.Release|Any CPU.ActiveCfg = Release|Any CPU
		{A4340BCC-8077-418B-A355-6E3671F9B113}.Release|Any CPU.Build.0 = Release|Any CPU
		{895956E4-C452-4DBA-9C4D-9731BC5193AE}.Debug|Any CPU.ActiveCfg = Debug|Any CPU
		{895956E4-C452-4DBA-9C4D-9731BC5193AE}.Debug|Any CPU.Build.0 = Debug|Any CPU
		{895956E4-C452-4DBA-9C4D-9731BC5193AE}.Release|Any CPU.ActiveCfg = Release|Any CPU
		{895956E4-C452-4DBA-9C4D-9731BC5193AE}.Release|Any CPU.Build.0 = Release|Any CPU
		{C7E8EA02-37EC-4E83-85EC-1476127F2735}.Debug|Any CPU.ActiveCfg = Debug|Any CPU
		{C7E8EA02-37EC-4E83-85EC-1476127F2735}.Debug|Any CPU.Build.0 = Debug|Any CPU
		{C7E8EA02-37EC-4E83-85EC-1476127F2735}.Release|Any CPU.ActiveCfg = Release|Any CPU
		{C7E8EA02-37EC-4E83-85EC-1476127F2735}.Release|Any CPU.Build.0 = Release|Any CPU
	EndGlobalSection
	GlobalSection(SolutionProperties) = preSolution
		HideSolutionNode = FALSE
	EndGlobalSection
	GlobalSection(ExtensibilityGlobals) = postSolution
		SolutionGuid = {F858D74D-42F5-4855-8F79-D82EB561E5FB}
	EndGlobalSection
EndGlobal
